
Microsoft Visual Studio Solution File, Format Version 12.00
# Visual Studio Version 16
VisualStudioVersion = 16.0.31313.79
MinimumVisualStudioVersion = 10.0.40219.1
Project("{FAE04EC0-301F-11D3-BF4B-00C04F79EFBC}") = "Explicit second", "Explicit second\Explicit second.csproj", "{2CFB3B58-4CA6-42FA-BCAE-0E699D52A655}"
EndProject
Global
	GlobalSection(SolutionConfigurationPlatforms) = preSolution
		Debug|Any CPU = Debug|Any CPU
		Release|Any CPU = Release|Any CPU
	EndGlobalSection
	GlobalSection(ProjectConfigurationPlatforms) = postSolution
		{2CFB3B58-4CA6-42FA-BCAE-0E699D52A655}.Debug|Any CPU.ActiveCfg = Debug|Any CPU
		{2CFB3B58-4CA6-42FA-BCAE-0E699D52A655}.Debug|Any CPU.Build.0 = Debug|Any CPU
		{2CFB3B58-4CA6-42FA-BCAE-0E699D52A655}.Release|Any CPU.ActiveCfg = Release|Any CPU
		{2CFB3B58-4CA6-42FA-BCAE-0E699D52A655}.Release|Any CPU.Build.0 = Release|Any CPU
	EndGlobalSection
	GlobalSection(SolutionProperties) = preSolution
		HideSolutionNode = FALSE
	EndGlobalSection
	GlobalSection(ExtensibilityGlobals) = postSolution
		SolutionGuid = {85CEE525-5DE1-483A-BF79-CCBFC81A5932}
	EndGlobalSection
EndGlobal
